// !$*UTF8*$!
{
	archiveVersion = 1;
	classes = {
	};
	objectVersion = 46;
	objects = {

/* Begin PBXBuildFile section */
		FC066D931928F16200FEC3E8 /* billetecaTableViewController.m in Sources */ = {isa = PBXBuildFile; fileRef = FC066D921928F16200FEC3E8 /* billetecaTableViewController.m */; };
		FC2BB7611934203600C5B77B /* billetecaLoadingViewController.m in Sources */ = {isa = PBXBuildFile; fileRef = FC2BB7601934203600C5B77B /* billetecaLoadingViewController.m */; };
		FC685C8E19282938000272AF /* Foundation.framework in Frameworks */ = {isa = PBXBuildFile; fileRef = FC685C8D19282938000272AF /* Foundation.framework */; };
		FC685C9019282938000272AF /* CoreGraphics.framework in Frameworks */ = {isa = PBXBuildFile; fileRef = FC685C8F19282938000272AF /* CoreGraphics.framework */; };
		FC685C9219282938000272AF /* UIKit.framework in Frameworks */ = {isa = PBXBuildFile; fileRef = FC685C9119282938000272AF /* UIKit.framework */; };
		FC685C9819282938000272AF /* InfoPlist.strings in Resources */ = {isa = PBXBuildFile; fileRef = FC685C9619282938000272AF /* InfoPlist.strings */; };
		FC685C9A19282938000272AF /* main.m in Sources */ = {isa = PBXBuildFile; fileRef = FC685C9919282938000272AF /* main.m */; };
		FC685C9E19282938000272AF /* billetecaAppDelegate.m in Sources */ = {isa = PBXBuildFile; fileRef = FC685C9D19282938000272AF /* billetecaAppDelegate.m */; };
		FC685CA119282938000272AF /* Main_iPhone.storyboard in Resources */ = {isa = PBXBuildFile; fileRef = FC685C9F19282938000272AF /* Main_iPhone.storyboard */; };
		FC685CA719282938000272AF /* billetecaViewController.m in Sources */ = {isa = PBXBuildFile; fileRef = FC685CA619282938000272AF /* billetecaViewController.m */; };
		FC685CA919282938000272AF /* Images.xcassets in Resources */ = {isa = PBXBuildFile; fileRef = FC685CA819282938000272AF /* Images.xcassets */; };
		FC685CB019282938000272AF /* XCTest.framework in Frameworks */ = {isa = PBXBuildFile; fileRef = FC685CAF19282938000272AF /* XCTest.framework */; };
		FC685CB119282938000272AF /* Foundation.framework in Frameworks */ = {isa = PBXBuildFile; fileRef = FC685C8D19282938000272AF /* Foundation.framework */; };
		FC685CB219282938000272AF /* UIKit.framework in Frameworks */ = {isa = PBXBuildFile; fileRef = FC685C9119282938000272AF /* UIKit.framework */; };
		FC685CBA19282938000272AF /* InfoPlist.strings in Resources */ = {isa = PBXBuildFile; fileRef = FC685CB819282938000272AF /* InfoPlist.strings */; };
		FC685CBC19282938000272AF /* billetecaTests.m in Sources */ = {isa = PBXBuildFile; fileRef = FC685CBB19282938000272AF /* billetecaTests.m */; };
		FC685CC619282B37000272AF /* billetekaback.jpg in Resources */ = {isa = PBXBuildFile; fileRef = FC685CC519282B37000272AF /* billetekaback.jpg */; };
		FC685CC919283012000272AF /* billetekalog.png in Resources */ = {isa = PBXBuildFile; fileRef = FC685CC819283012000272AF /* billetekalog.png */; };
		FCD4F0C91932A64C00B03FCD /* billetecaDetailViewController.m in Sources */ = {isa = PBXBuildFile; fileRef = FCD4F0C81932A64C00B03FCD /* billetecaDetailViewController.m */; };
		FCE25CFA1936D03D0005D6D2 /* ad_1.jpeg in Resources */ = {isa = PBXBuildFile; fileRef = FCE25CF91936D03D0005D6D2 /* ad_1.jpeg */; };
		FCE25CFC1936D2A30005D6D2 /* logoapp.jpg in Resources */ = {isa = PBXBuildFile; fileRef = FCE25CFB1936D2A30005D6D2 /* logoapp.jpg */; };
		FCE25D041936D6060005D6D2 /* 120x120.png in Resources */ = {isa = PBXBuildFile; fileRef = FCE25CFD1936D6060005D6D2 /* 120x120.png */; };
		FCE25D051936D6060005D6D2 /* 152x152.png in Resources */ = {isa = PBXBuildFile; fileRef = FCE25CFE1936D6060005D6D2 /* 152x152.png */; };
		FCE25D061936D6060005D6D2 /* 76x76.png in Resources */ = {isa = PBXBuildFile; fileRef = FCE25CFF1936D6060005D6D2 /* 76x76.png */; };
		FCE25D071936D6060005D6D2 /* logoapp.png in Resources */ = {isa = PBXBuildFile; fileRef = FCE25D001936D6060005D6D2 /* logoapp.png */; };
		FCE25D081936D6060005D6D2 /* 40x40.png in Resources */ = {isa = PBXBuildFile; fileRef = FCE25D011936D6060005D6D2 /* 40x40.png */; };
		FCE25D091936D6060005D6D2 /* 58x58.png in Resources */ = {isa = PBXBuildFile; fileRef = FCE25D021936D6060005D6D2 /* 58x58.png */; };
		FCE25D0A1936D6060005D6D2 /* 29x29.png in Resources */ = {isa = PBXBuildFile; fileRef = FCE25D031936D6060005D6D2 /* 29x29.png */; };
		FCFF277F1930F79E0023897C /* Parse.framework in Frameworks */ = {isa = PBXBuildFile; fileRef = FCFF277E1930F79E0023897C /* Parse.framework */; };
		FCFF27811930F7CE0023897C /* SystemConfiguration.framework in Frameworks */ = {isa = PBXBuildFile; fileRef = FCFF27801930F7CE0023897C /* SystemConfiguration.framework */; };
		FCFF27831930F7D70023897C /* StoreKit.framework in Frameworks */ = {isa = PBXBuildFile; fileRef = FCFF27821930F7D70023897C /* StoreKit.framework */; };
		FCFF27851930F7DF0023897C /* Security.framework in Frameworks */ = {isa = PBXBuildFile; fileRef = FCFF27841930F7DF0023897C /* Security.framework */; };
		FCFF27871930F7EA0023897C /* QuartzCore.framework in Frameworks */ = {isa = PBXBuildFile; fileRef = FCFF27861930F7EA0023897C /* QuartzCore.framework */; };
		FCFF27891930F7F40023897C /* MobileCoreServices.framework in Frameworks */ = {isa = PBXBuildFile; fileRef = FCFF27881930F7F40023897C /* MobileCoreServices.framework */; };
		FCFF278B1930F8020023897C /* libz.dylib in Frameworks */ = {isa = PBXBuildFile; fileRef = FCFF278A1930F8020023897C /* libz.dylib */; };
		FCFF278D1930F8140023897C /* CoreLocation.framework in Frameworks */ = {isa = PBXBuildFile; fileRef = FCFF278C1930F8140023897C /* CoreLocation.framework */; };
		FCFF278F1930F82A0023897C /* CFNetwork.framework in Frameworks */ = {isa = PBXBuildFile; fileRef = FCFF278E1930F82A0023897C /* CFNetwork.framework */; };
		FCFF27911930F8370023897C /* AudioToolbox.framework in Frameworks */ = {isa = PBXBuildFile; fileRef = FCFF27901930F8370023897C /* AudioToolbox.framework */; };
		FCFF27931930F8450023897C /* libsqlite3.dylib in Frameworks */ = {isa = PBXBuildFile; fileRef = FCFF27921930F8450023897C /* libsqlite3.dylib */; };
/* End PBXBuildFile section */

/* Begin PBXContainerItemProxy section */
		FC685CB319282938000272AF /* PBXContainerItemProxy */ = {
			isa = PBXContainerItemProxy;
			containerPortal = FC685C8219282938000272AF /* Project object */;
			proxyType = 1;
			remoteGlobalIDString = FC685C8919282938000272AF;
			remoteInfo = billeteca;
		};
/* End PBXContainerItemProxy section */

/* Begin PBXFileReference section */
		FC066D911928F16200FEC3E8 /* billetecaTableViewController.h */ = {isa = PBXFileReference; fileEncoding = 4; lastKnownFileType = sourcecode.c.h; path = billetecaTableViewController.h; sourceTree = "<group>"; };
		FC066D921928F16200FEC3E8 /* billetecaTableViewController.m */ = {isa = PBXFileReference; fileEncoding = 4; lastKnownFileType = sourcecode.c.objc; path = billetecaTableViewController.m; sourceTree = "<group>"; };
		FC2BB75F1934203600C5B77B /* billetecaLoadingViewController.h */ = {isa = PBXFileReference; fileEncoding = 4; lastKnownFileType = sourcecode.c.h; path = billetecaLoadingViewController.h; sourceTree = "<group>"; };
		FC2BB7601934203600C5B77B /* billetecaLoadingViewController.m */ = {isa = PBXFileReference; fileEncoding = 4; lastKnownFileType = sourcecode.c.objc; path = billetecaLoadingViewController.m; sourceTree = "<group>"; };
		FC685C8A19282938000272AF /* billeteca.app */ = {isa = PBXFileReference; explicitFileType = wrapper.application; includeInIndex = 0; path = billeteca.app; sourceTree = BUILT_PRODUCTS_DIR; };
		FC685C8D19282938000272AF /* Foundation.framework */ = {isa = PBXFileReference; lastKnownFileType = wrapper.framework; name = Foundation.framework; path = System/Library/Frameworks/Foundation.framework; sourceTree = SDKROOT; };
		FC685C8F19282938000272AF /* CoreGraphics.framework */ = {isa = PBXFileReference; lastKnownFileType = wrapper.framework; name = CoreGraphics.framework; path = System/Library/Frameworks/CoreGraphics.framework; sourceTree = SDKROOT; };
		FC685C9119282938000272AF /* UIKit.framework */ = {isa = PBXFileReference; lastKnownFileType = wrapper.framework; name = UIKit.framework; path = System/Library/Frameworks/UIKit.framework; sourceTree = SDKROOT; };
		FC685C9519282938000272AF /* billeteca-Info.plist */ = {isa = PBXFileReference; lastKnownFileType = text.plist.xml; path = "billeteca-Info.plist"; sourceTree = "<group>"; };
		FC685C9719282938000272AF /* en */ = {isa = PBXFileReference; lastKnownFileType = text.plist.strings; name = en; path = en.lproj/InfoPlist.strings; sourceTree = "<group>"; };
		FC685C9919282938000272AF /* main.m */ = {isa = PBXFileReference; lastKnownFileType = sourcecode.c.objc; path = main.m; sourceTree = "<group>"; };
		FC685C9B19282938000272AF /* billeteca-Prefix.pch */ = {isa = PBXFileReference; lastKnownFileType = sourcecode.c.h; path = "billeteca-Prefix.pch"; sourceTree = "<group>"; };
		FC685C9C19282938000272AF /* billetecaAppDelegate.h */ = {isa = PBXFileReference; lastKnownFileType = sourcecode.c.h; path = billetecaAppDelegate.h; sourceTree = "<group>"; };
		FC685C9D19282938000272AF /* billetecaAppDelegate.m */ = {isa = PBXFileReference; lastKnownFileType = sourcecode.c.objc; path = billetecaAppDelegate.m; sourceTree = "<group>"; };
		FC685CA019282938000272AF /* Base */ = {isa = PBXFileReference; lastKnownFileType = file.storyboard; name = Base; path = Base.lproj/Main_iPhone.storyboard; sourceTree = "<group>"; };
		FC685CA519282938000272AF /* billetecaViewController.h */ = {isa = PBXFileReference; lastKnownFileType = sourcecode.c.h; path = billetecaViewController.h; sourceTree = "<group>"; };
		FC685CA619282938000272AF /* billetecaViewController.m */ = {isa = PBXFileReference; lastKnownFileType = sourcecode.c.objc; path = billetecaViewController.m; sourceTree = "<group>"; };
		FC685CA819282938000272AF /* Images.xcassets */ = {isa = PBXFileReference; lastKnownFileType = folder.assetcatalog; path = Images.xcassets; sourceTree = "<group>"; };
		FC685CAE19282938000272AF /* billetecaTests.xctest */ = {isa = PBXFileReference; explicitFileType = wrapper.cfbundle; includeInIndex = 0; path = billetecaTests.xctest; sourceTree = BUILT_PRODUCTS_DIR; };
		FC685CAF19282938000272AF /* XCTest.framework */ = {isa = PBXFileReference; lastKnownFileType = wrapper.framework; name = XCTest.framework; path = Library/Frameworks/XCTest.framework; sourceTree = DEVELOPER_DIR; };
		FC685CB719282938000272AF /* billetecaTests-Info.plist */ = {isa = PBXFileReference; lastKnownFileType = text.plist.xml; path = "billetecaTests-Info.plist"; sourceTree = "<group>"; };
		FC685CB919282938000272AF /* en */ = {isa = PBXFileReference; lastKnownFileType = text.plist.strings; name = en; path = en.lproj/InfoPlist.strings; sourceTree = "<group>"; };
		FC685CBB19282938000272AF /* billetecaTests.m */ = {isa = PBXFileReference; lastKnownFileType = sourcecode.c.objc; path = billetecaTests.m; sourceTree = "<group>"; };
		FC685CC519282B37000272AF /* billetekaback.jpg */ = {isa = PBXFileReference; lastKnownFileType = image.jpeg; path = billetekaback.jpg; sourceTree = "<group>"; };
		FC685CC819283012000272AF /* billetekalog.png */ = {isa = PBXFileReference; lastKnownFileType = image.png; path = billetekalog.png; sourceTree = "<group>"; };
		FCD4F0C71932A64C00B03FCD /* billetecaDetailViewController.h */ = {isa = PBXFileReference; fileEncoding = 4; lastKnownFileType = sourcecode.c.h; path = billetecaDetailViewController.h; sourceTree = "<group>"; };
		FCD4F0C81932A64C00B03FCD /* billetecaDetailViewController.m */ = {isa = PBXFileReference; fileEncoding = 4; lastKnownFileType = sourcecode.c.objc; path = billetecaDetailViewController.m; sourceTree = "<group>"; };
		FCE25CF91936D03D0005D6D2 /* ad_1.jpeg */ = {isa = PBXFileReference; lastKnownFileType = image.jpeg; path = ad_1.jpeg; sourceTree = "<group>"; };
		FCE25CFB1936D2A30005D6D2 /* logoapp.jpg */ = {isa = PBXFileReference; lastKnownFileType = image.jpeg; path = logoapp.jpg; sourceTree = "<group>"; };
		FCE25CFD1936D6060005D6D2 /* 120x120.png */ = {isa = PBXFileReference; lastKnownFileType = image.png; path = 120x120.png; sourceTree = "<group>"; };
		FCE25CFE1936D6060005D6D2 /* 152x152.png */ = {isa = PBXFileReference; lastKnownFileType = image.png; path = 152x152.png; sourceTree = "<group>"; };
		FCE25CFF1936D6060005D6D2 /* 76x76.png */ = {isa = PBXFileReference; lastKnownFileType = image.png; path = 76x76.png; sourceTree = "<group>"; };
		FCE25D001936D6060005D6D2 /* logoapp.png */ = {isa = PBXFileReference; lastKnownFileType = image.png; path = logoapp.png; sourceTree = "<group>"; };
		FCE25D011936D6060005D6D2 /* 40x40.png */ = {isa = PBXFileReference; lastKnownFileType = image.png; path = 40x40.png; sourceTree = "<group>"; };
		FCE25D021936D6060005D6D2 /* 58x58.png */ = {isa = PBXFileReference; lastKnownFileType = image.png; path = 58x58.png; sourceTree = "<group>"; };
		FCE25D031936D6060005D6D2 /* 29x29.png */ = {isa = PBXFileReference; lastKnownFileType = image.png; path = 29x29.png; sourceTree = "<group>"; };
		FCFF277E1930F79E0023897C /* Parse.framework */ = {isa = PBXFileReference; lastKnownFileType = wrapper.framework; name = Parse.framework; path = ../../Downloads/Parse.framework; sourceTree = "<group>"; };
		FCFF27801930F7CE0023897C /* SystemConfiguration.framework */ = {isa = PBXFileReference; lastKnownFileType = wrapper.framework; name = SystemConfiguration.framework; path = System/Library/Frameworks/SystemConfiguration.framework; sourceTree = SDKROOT; };
		FCFF27821930F7D70023897C /* StoreKit.framework */ = {isa = PBXFileReference; lastKnownFileType = wrapper.framework; name = StoreKit.framework; path = System/Library/Frameworks/StoreKit.framework; sourceTree = SDKROOT; };
		FCFF27841930F7DF0023897C /* Security.framework */ = {isa = PBXFileReference; lastKnownFileType = wrapper.framework; name = Security.framework; path = System/Library/Frameworks/Security.framework; sourceTree = SDKROOT; };
		FCFF27861930F7EA0023897C /* QuartzCore.framework */ = {isa = PBXFileReference; lastKnownFileType = wrapper.framework; name = QuartzCore.framework; path = System/Library/Frameworks/QuartzCore.framework; sourceTree = SDKROOT; };
		FCFF27881930F7F40023897C /* MobileCoreServices.framework */ = {isa = PBXFileReference; lastKnownFileType = wrapper.framework; name = MobileCoreServices.framework; path = System/Library/Frameworks/MobileCoreServices.framework; sourceTree = SDKROOT; };
		FCFF278A1930F8020023897C /* libz.dylib */ = {isa = PBXFileReference; lastKnownFileType = "compiled.mach-o.dylib"; name = libz.dylib; path = usr/lib/libz.dylib; sourceTree = SDKROOT; };
		FCFF278C1930F8140023897C /* CoreLocation.framework */ = {isa = PBXFileReference; lastKnownFileType = wrapper.framework; name = CoreLocation.framework; path = System/Library/Frameworks/CoreLocation.framework; sourceTree = SDKROOT; };
		FCFF278E1930F82A0023897C /* CFNetwork.framework */ = {isa = PBXFileReference; lastKnownFileType = wrapper.framework; name = CFNetwork.framework; path = System/Library/Frameworks/CFNetwork.framework; sourceTree = SDKROOT; };
		FCFF27901930F8370023897C /* AudioToolbox.framework */ = {isa = PBXFileReference; lastKnownFileType = wrapper.framework; name = AudioToolbox.framework; path = System/Library/Frameworks/AudioToolbox.framework; sourceTree = SDKROOT; };
		FCFF27921930F8450023897C /* libsqlite3.dylib */ = {isa = PBXFileReference; lastKnownFileType = "compiled.mach-o.dylib"; name = libsqlite3.dylib; path = usr/lib/libsqlite3.dylib; sourceTree = SDKROOT; };
/* End PBXFileReference section */

/* Begin PBXFrameworksBuildPhase section */
		FC685C8719282938000272AF /* Frameworks */ = {
			isa = PBXFrameworksBuildPhase;
			buildActionMask = 2147483647;
			files = (
				FCFF27931930F8450023897C /* libsqlite3.dylib in Frameworks */,
				FCFF27911930F8370023897C /* AudioToolbox.framework in Frameworks */,
				FCFF278F1930F82A0023897C /* CFNetwork.framework in Frameworks */,
				FC685C9019282938000272AF /* CoreGraphics.framework in Frameworks */,
				FCFF278D1930F8140023897C /* CoreLocation.framework in Frameworks */,
				FCFF278B1930F8020023897C /* libz.dylib in Frameworks */,
				FCFF27891930F7F40023897C /* MobileCoreServices.framework in Frameworks */,
				FCFF27871930F7EA0023897C /* QuartzCore.framework in Frameworks */,
				FCFF27851930F7DF0023897C /* Security.framework in Frameworks */,
				FCFF27831930F7D70023897C /* StoreKit.framework in Frameworks */,
				FCFF27811930F7CE0023897C /* SystemConfiguration.framework in Frameworks */,
				FCFF277F1930F79E0023897C /* Parse.framework in Frameworks */,
				FC685C9219282938000272AF /* UIKit.framework in Frameworks */,
				FC685C8E19282938000272AF /* Foundation.framework in Frameworks */,
			);
			runOnlyForDeploymentPostprocessing = 0;
		};
		FC685CAB19282938000272AF /* Frameworks */ = {
			isa = PBXFrameworksBuildPhase;
			buildActionMask = 2147483647;
			files = (
				FC685CB019282938000272AF /* XCTest.framework in Frameworks */,
				FC685CB219282938000272AF /* UIKit.framework in Frameworks */,
				FC685CB119282938000272AF /* Foundation.framework in Frameworks */,
			);
			runOnlyForDeploymentPostprocessing = 0;
		};
/* End PBXFrameworksBuildPhase section */

/* Begin PBXGroup section */
		FC066D8E1928F10300FEC3E8 /* home */ = {
			isa = PBXGroup;
			children = (
				FC685CA619282938000272AF /* billetecaViewController.m */,
				FC685CA519282938000272AF /* billetecaViewController.h */,
			);
			name = home;
			sourceTree = "<group>";
		};
		FC066D8F1928F11100FEC3E8 /* app */ = {
			isa = PBXGroup;
			children = (
				FC685C9D19282938000272AF /* billetecaAppDelegate.m */,
				FC685C9C19282938000272AF /* billetecaAppDelegate.h */,
			);
			name = app;
			sourceTree = "<group>";
		};
		FC066D901928F13500FEC3E8 /* resultsTable */ = {
			isa = PBXGroup;
			children = (
				FC066D911928F16200FEC3E8 /* billetecaTableViewController.h */,
				FC066D921928F16200FEC3E8 /* billetecaTableViewController.m */,
			);
			name = resultsTable;
			sourceTree = "<group>";
		};
		FC2BB7621934203A00C5B77B /* loading */ = {
			isa = PBXGroup;
			children = (
				FC2BB75F1934203600C5B77B /* billetecaLoadingViewController.h */,
				FC2BB7601934203600C5B77B /* billetecaLoadingViewController.m */,
			);
			name = loading;
			sourceTree = "<group>";
		};
		FC685C8119282938000272AF = {
			isa = PBXGroup;
			children = (
				FC685C9319282938000272AF /* billeteca */,
				FC685CB519282938000272AF /* billetecaTests */,
				FC685C8C19282938000272AF /* Frameworks */,
				FC685C8B19282938000272AF /* Products */,
			);
			sourceTree = "<group>";
		};
		FC685C8B19282938000272AF /* Products */ = {
			isa = PBXGroup;
			children = (
				FC685C8A19282938000272AF /* billeteca.app */,
				FC685CAE19282938000272AF /* billetecaTests.xctest */,
			);
			name = Products;
			sourceTree = "<group>";
		};
		FC685C8C19282938000272AF /* Frameworks */ = {
			isa = PBXGroup;
			children = (
				FCFF27921930F8450023897C /* libsqlite3.dylib */,
				FCFF27901930F8370023897C /* AudioToolbox.framework */,
				FCFF278E1930F82A0023897C /* CFNetwork.framework */,
				FCFF278C1930F8140023897C /* CoreLocation.framework */,
				FCFF278A1930F8020023897C /* libz.dylib */,
				FCFF27881930F7F40023897C /* MobileCoreServices.framework */,
				FCFF27861930F7EA0023897C /* QuartzCore.framework */,
				FCFF27841930F7DF0023897C /* Security.framework */,
				FCFF27821930F7D70023897C /* StoreKit.framework */,
				FCFF27801930F7CE0023897C /* SystemConfiguration.framework */,
				FCFF277E1930F79E0023897C /* Parse.framework */,
				FC685C8D19282938000272AF /* Foundation.framework */,
				FC685C8F19282938000272AF /* CoreGraphics.framework */,
				FC685C9119282938000272AF /* UIKit.framework */,
				FC685CAF19282938000272AF /* XCTest.framework */,
			);
			name = Frameworks;
			sourceTree = "<group>";
		};
		FC685C9319282938000272AF /* billeteca */ = {
			isa = PBXGroup;
			children = (
				FC2BB7621934203A00C5B77B /* loading */,
				FCD4F0CA1932A65500B03FCD /* detail */,
				FC066D901928F13500FEC3E8 /* resultsTable */,
				FC066D8F1928F11100FEC3E8 /* app */,
				FC066D8E1928F10300FEC3E8 /* home */,
				FC685CC719282B4F000272AF /* images */,
				FC685C9F19282938000272AF /* Main_iPhone.storyboard */,
				FC685CA819282938000272AF /* Images.xcassets */,
				FC685C9419282938000272AF /* Supporting Files */,
			);
			path = billeteca;
			sourceTree = "<group>";
		};
		FC685C9419282938000272AF /* Supporting Files */ = {
			isa = PBXGroup;
			children = (
				FC685C9519282938000272AF /* billeteca-Info.plist */,
				FC685C9619282938000272AF /* InfoPlist.strings */,
				FC685C9919282938000272AF /* main.m */,
				FC685C9B19282938000272AF /* billeteca-Prefix.pch */,
			);
			name = "Supporting Files";
			sourceTree = "<group>";
		};
		FC685CB519282938000272AF /* billetecaTests */ = {
			isa = PBXGroup;
			children = (
				FC685CBB19282938000272AF /* billetecaTests.m */,
				FC685CB619282938000272AF /* Supporting Files */,
			);
			path = billetecaTests;
			sourceTree = "<group>";
		};
		FC685CB619282938000272AF /* Supporting Files */ = {
			isa = PBXGroup;
			children = (
				FC685CB719282938000272AF /* billetecaTests-Info.plist */,
				FC685CB819282938000272AF /* InfoPlist.strings */,
			);
			name = "Supporting Files";
			sourceTree = "<group>";
		};
		FC685CC719282B4F000272AF /* images */ = {
			isa = PBXGroup;
			children = (
				FCE25CF91936D03D0005D6D2 /* ad_1.jpeg */,
				FCE25CFD1936D6060005D6D2 /* 120x120.png */,
				FCE25CFE1936D6060005D6D2 /* 152x152.png */,
				FCE25CFF1936D6060005D6D2 /* 76x76.png */,
				FCE25D001936D6060005D6D2 /* logoapp.png */,
				FCE25D011936D6060005D6D2 /* 40x40.png */,
				FCE25D021936D6060005D6D2 /* 58x58.png */,
				FCE25D031936D6060005D6D2 /* 29x29.png */,
				FCE25CFB1936D2A30005D6D2 /* logoapp.jpg */,
				FC685CC819283012000272AF /* billetekalog.png */,
				FC685CC519282B37000272AF /* billetekaback.jpg */,
			);
			name = images;
			sourceTree = "<group>";
		};
		FCD4F0CA1932A65500B03FCD /* detail */ = {
			isa = PBXGroup;
			children = (
				FCD4F0C71932A64C00B03FCD /* billetecaDetailViewController.h */,
				FCD4F0C81932A64C00B03FCD /* billetecaDetailViewController.m */,
			);
			name = detail;
			sourceTree = "<group>";
		};
/* End PBXGroup section */

/* Begin PBXNativeTarget section */
		FC685C8919282938000272AF /* billeteca */ = {
			isa = PBXNativeTarget;
			buildConfigurationList = FC685CBF19282938000272AF /* Build configuration list for PBXNativeTarget "billeteca" */;
			buildPhases = (
				FC685C8619282938000272AF /* Sources */,
				FC685C8719282938000272AF /* Frameworks */,
				FC685C8819282938000272AF /* Resources */,
			);
			buildRules = (
			);
			dependencies = (
			);
			name = billeteca;
			productName = billeteca;
			productReference = FC685C8A19282938000272AF /* billeteca.app */;
			productType = "com.apple.product-type.application";
		};
		FC685CAD19282938000272AF /* billetecaTests */ = {
			isa = PBXNativeTarget;
			buildConfigurationList = FC685CC219282938000272AF /* Build configuration list for PBXNativeTarget "billetecaTests" */;
			buildPhases = (
				FC685CAA19282938000272AF /* Sources */,
				FC685CAB19282938000272AF /* Frameworks */,
				FC685CAC19282938000272AF /* Resources */,
			);
			buildRules = (
			);
			dependencies = (
				FC685CB419282938000272AF /* PBXTargetDependency */,
			);
			name = billetecaTests;
			productName = billetecaTests;
			productReference = FC685CAE19282938000272AF /* billetecaTests.xctest */;
			productType = "com.apple.product-type.bundle.unit-test";
		};
/* End PBXNativeTarget section */

/* Begin PBXProject section */
		FC685C8219282938000272AF /* Project object */ = {
			isa = PBXProject;
			attributes = {
				CLASSPREFIX = billeteca;
				LastUpgradeCheck = 0510;
				ORGANIZATIONNAME = azarateo;
				TargetAttributes = {
					FC685C8919282938000272AF = {
						DevelopmentTeam = 7EXK8D8KS4;
					};
					FC685CAD19282938000272AF = {
						TestTargetID = FC685C8919282938000272AF;
					};
				};
			};
			buildConfigurationList = FC685C8519282938000272AF /* Build configuration list for PBXProject "billeteca" */;
			compatibilityVersion = "Xcode 3.2";
			developmentRegion = English;
			hasScannedForEncodings = 0;
			knownRegions = (
				en,
				Base,
			);
			mainGroup = FC685C8119282938000272AF;
			productRefGroup = FC685C8B19282938000272AF /* Products */;
			projectDirPath = "";
			projectRoot = "";
			targets = (
				FC685C8919282938000272AF /* billeteca */,
				FC685CAD19282938000272AF /* billetecaTests */,
			);
		};
/* End PBXProject section */

/* Begin PBXResourcesBuildPhase section */
		FC685C8819282938000272AF /* Resources */ = {
			isa = PBXResourcesBuildPhase;
			buildActionMask = 2147483647;
			files = (
				FCE25D071936D6060005D6D2 /* logoapp.png in Resources */,
				FCE25D081936D6060005D6D2 /* 40x40.png in Resources */,
				FCE25D041936D6060005D6D2 /* 120x120.png in Resources */,
				FCE25D0A1936D6060005D6D2 /* 29x29.png in Resources */,
				FCE25D091936D6060005D6D2 /* 58x58.png in Resources */,
				FC685CA919282938000272AF /* Images.xcassets in Resources */,
				FC685CC919283012000272AF /* billetekalog.png in Resources */,
				FCE25D051936D6060005D6D2 /* 152x152.png in Resources */,
				FC685CA119282938000272AF /* Main_iPhone.storyboard in Resources */,
				FCE25CFC1936D2A30005D6D2 /* logoapp.jpg in Resources */,
				FCE25D061936D6060005D6D2 /* 76x76.png in Resources */,
				FC685CC619282B37000272AF /* billetekaback.jpg in Resources */,
				FC685C9819282938000272AF /* InfoPlist.strings in Resources */,
				FCE25CFA1936D03D0005D6D2 /* ad_1.jpeg in Resources */,
			);
			runOnlyForDeploymentPostprocessing = 0;
		};
		FC685CAC19282938000272AF /* Resources */ = {
			isa = PBXResourcesBuildPhase;
			buildActionMask = 2147483647;
			files = (
				FC685CBA19282938000272AF /* InfoPlist.strings in Resources */,
			);
			runOnlyForDeploymentPostprocessing = 0;
		};
/* End PBXResourcesBuildPhase section */

/* Begin PBXSourcesBuildPhase section */
		FC685C8619282938000272AF /* Sources */ = {
			isa = PBXSourcesBuildPhase;
			buildActionMask = 2147483647;
			files = (
				FCD4F0C91932A64C00B03FCD /* billetecaDetailViewController.m in Sources */,
				FC685C9E19282938000272AF /* billetecaAppDelegate.m in Sources */,
				FC2BB7611934203600C5B77B /* billetecaLoadingViewController.m in Sources */,
				FC066D931928F16200FEC3E8 /* billetecaTableViewController.m in Sources */,
				FC685CA719282938000272AF /* billetecaViewController.m in Sources */,
				FC685C9A19282938000272AF /* main.m in Sources */,
			);
			runOnlyForDeploymentPostprocessing = 0;
		};
		FC685CAA19282938000272AF /* Sources */ = {
			isa = PBXSourcesBuildPhase;
			buildActionMask = 2147483647;
			files = (
				FC685CBC19282938000272AF /* billetecaTests.m in Sources */,
			);
			runOnlyForDeploymentPostprocessing = 0;
		};
/* End PBXSourcesBuildPhase section */

/* Begin PBXTargetDependency section */
		FC685CB419282938000272AF /* PBXTargetDependency */ = {
			isa = PBXTargetDependency;
			target = FC685C8919282938000272AF /* billeteca */;
			targetProxy = FC685CB319282938000272AF /* PBXContainerItemProxy */;
		};
/* End PBXTargetDependency section */

/* Begin PBXVariantGroup section */
		FC685C9619282938000272AF /* InfoPlist.strings */ = {
			isa = PBXVariantGroup;
			children = (
				FC685C9719282938000272AF /* en */,
			);
			name = InfoPlist.strings;
			sourceTree = "<group>";
		};
		FC685C9F19282938000272AF /* Main_iPhone.storyboard */ = {
			isa = PBXVariantGroup;
			children = (
				FC685CA019282938000272AF /* Base */,
			);
			name = Main_iPhone.storyboard;
			sourceTree = "<group>";
		};
		FC685CB819282938000272AF /* InfoPlist.strings */ = {
			isa = PBXVariantGroup;
			children = (
				FC685CB919282938000272AF /* en */,
			);
			name = InfoPlist.strings;
			sourceTree = "<group>";
		};
/* End PBXVariantGroup section */

/* Begin XCBuildConfiguration section */
		FC685CBD19282938000272AF /* Debug */ = {
			isa = XCBuildConfiguration;
			buildSettings = {
				ALWAYS_SEARCH_USER_PATHS = NO;
				CLANG_CXX_LANGUAGE_STANDARD = "gnu++0x";
				CLANG_CXX_LIBRARY = "libc++";
				CLANG_ENABLE_MODULES = YES;
				CLANG_ENABLE_OBJC_ARC = YES;
				CLANG_WARN_BOOL_CONVERSION = YES;
				CLANG_WARN_CONSTANT_CONVERSION = YES;
				CLANG_WARN_DIRECT_OBJC_ISA_USAGE = YES_ERROR;
				CLANG_WARN_EMPTY_BODY = YES;
				CLANG_WARN_ENUM_CONVERSION = YES;
				CLANG_WARN_INT_CONVERSION = YES;
				CLANG_WARN_OBJC_ROOT_CLASS = YES_ERROR;
				CLANG_WARN__DUPLICATE_METHOD_MATCH = YES;
				CODE_SIGN_IDENTITY = "Apple Development IOS Push Services: com.cool4code.billeteca";
				"CODE_SIGN_IDENTITY[sdk=iphoneos*]" = "Apple Development IOS Push Services: com.cool4code.billeteca";
				COPY_PHASE_STRIP = NO;
				GCC_C_LANGUAGE_STANDARD = gnu99;
				GCC_DYNAMIC_NO_PIC = NO;
				GCC_OPTIMIZATION_LEVEL = 0;
				GCC_PREPROCESSOR_DEFINITIONS = (
					"DEBUG=1",
					"$(inherited)",
				);
				GCC_SYMBOLS_PRIVATE_EXTERN = NO;
				GCC_WARN_64_TO_32_BIT_CONVERSION = YES;
				GCC_WARN_ABOUT_RETURN_TYPE = YES_ERROR;
				GCC_WARN_UNDECLARED_SELECTOR = YES;
				GCC_WARN_UNINITIALIZED_AUTOS = YES_AGGRESSIVE;
				GCC_WARN_UNUSED_FUNCTION = YES;
				GCC_WARN_UNUSED_VARIABLE = YES;
				IPHONEOS_DEPLOYMENT_TARGET = 7.1;
				ONLY_ACTIVE_ARCH = YES;
				SDKROOT = iphoneos;
				TARGETED_DEVICE_FAMILY = "1,2";
			};
			name = Debug;
		};
		FC685CBE19282938000272AF /* Release */ = {
			isa = XCBuildConfiguration;
			buildSettings = {
				ALWAYS_SEARCH_USER_PATHS = NO;
				CLANG_CXX_LANGUAGE_STANDARD = "gnu++0x";
				CLANG_CXX_LIBRARY = "libc++";
				CLANG_ENABLE_MODULES = YES;
				CLANG_ENABLE_OBJC_ARC = YES;
				CLANG_WARN_BOOL_CONVERSION = YES;
				CLANG_WARN_CONSTANT_CONVERSION = YES;
				CLANG_WARN_DIRECT_OBJC_ISA_USAGE = YES_ERROR;
				CLANG_WARN_EMPTY_BODY = YES;
				CLANG_WARN_ENUM_CONVERSION = YES;
				CLANG_WARN_INT_CONVERSION = YES;
				CLANG_WARN_OBJC_ROOT_CLASS = YES_ERROR;
				CLANG_WARN__DUPLICATE_METHOD_MATCH = YES;
				CODE_SIGN_IDENTITY = "Apple Development IOS Push Services: com.cool4code.billeteca";
				"CODE_SIGN_IDENTITY[sdk=iphoneos*]" = "Apple Development IOS Push Services: com.cool4code.billeteca";
				COPY_PHASE_STRIP = YES;
				ENABLE_NS_ASSERTIONS = NO;
				GCC_C_LANGUAGE_STANDARD = gnu99;
				GCC_WARN_64_TO_32_BIT_CONVERSION = YES;
				GCC_WARN_ABOUT_RETURN_TYPE = YES_ERROR;
				GCC_WARN_UNDECLARED_SELECTOR = YES;
				GCC_WARN_UNINITIALIZED_AUTOS = YES_AGGRESSIVE;
				GCC_WARN_UNUSED_FUNCTION = YES;
				GCC_WARN_UNUSED_VARIABLE = YES;
				IPHONEOS_DEPLOYMENT_TARGET = 7.1;
				SDKROOT = iphoneos;
				TARGETED_DEVICE_FAMILY = "1,2";
				VALIDATE_PRODUCT = YES;
			};
			name = Release;
		};
		FC685CC019282938000272AF /* Debug */ = {
			isa = XCBuildConfiguration;
			buildSettings = {
				ASSETCATALOG_COMPILER_APPICON_NAME = AppIcon;
				ASSETCATALOG_COMPILER_LAUNCHIMAGE_NAME = LaunchImage;
				CODE_SIGN_IDENTITY = "iPhone Developer: ALEJANDRO ZARATE ORJ (MKGGUQT885)";
				"CODE_SIGN_IDENTITY[sdk=iphoneos*]" = "iPhone Developer: ALEJANDRO ZARATE ORJ (MKGGUQT885)";
				FRAMEWORK_SEARCH_PATHS = (
					"$(inherited)",
					/Users/azarateo/Downloads,
				);
				GCC_PRECOMPILE_PREFIX_HEADER = YES;
				GCC_PREFIX_HEADER = "billeteca/billeteca-Prefix.pch";
				INFOPLIST_FILE = "billeteca/billeteca-Info.plist";
				IPHONEOS_DEPLOYMENT_TARGET = 7.0;
				PRODUCT_NAME = "$(TARGET_NAME)";
				PROVISIONING_PROFILE = "";
				TARGETED_DEVICE_FAMILY = 1;
				WRAPPER_EXTENSION = app;
			};
			name = Debug;
		};
		FC685CC119282938000272AF /* Release */ = {
			isa = XCBuildConfiguration;
			buildSettings = {
				ASSETCATALOG_COMPILER_APPICON_NAME = AppIcon;
				ASSETCATALOG_COMPILER_LAUNCHIMAGE_NAME = LaunchImage;
				CODE_SIGN_IDENTITY = "iPhone Developer: ALEJANDRO ZARATE ORJ (MKGGUQT885)";
				"CODE_SIGN_IDENTITY[sdk=iphoneos*]" = "iPhone Developer: ALEJANDRO ZARATE ORJ (MKGGUQT885)";
				FRAMEWORK_SEARCH_PATHS = (
					"$(inherited)",
					/Users/azarateo/Downloads,
				);
				GCC_PRECOMPILE_PREFIX_HEADER = YES;
				GCC_PREFIX_HEADER = "billeteca/billeteca-Prefix.pch";
				INFOPLIST_FILE = "billeteca/billeteca-Info.plist";
				IPHONEOS_DEPLOYMENT_TARGET = 7.0;
				PRODUCT_NAME = "$(TARGET_NAME)";
				PROVISIONING_PROFILE = "";
				TARGETED_DEVICE_FAMILY = 1;
				WRAPPER_EXTENSION = app;
			};
			name = Release;
		};
		FC685CC319282938000272AF /* Debug */ = {
			isa = XCBuildConfiguration;
			buildSettings = {
				BUNDLE_LOADER = "$(BUILT_PRODUCTS_DIR)/billeteca.app/billeteca";
				FRAMEWORK_SEARCH_PATHS = (
					"$(SDKROOT)/Developer/Library/Frameworks",
					"$(inherited)",
					"$(DEVELOPER_FRAMEWORKS_DIR)",
				);
				GCC_PRECOMPILE_PREFIX_HEADER = YES;
				GCC_PREFIX_HEADER = "billeteca/billeteca-Prefix.pch";
				GCC_PREPROCESSOR_DEFINITIONS = (
					"DEBUG=1",
					"$(inherited)",
				);
				INFOPLIST_FILE = "billetecaTests/billetecaTests-Info.plist";
				PRODUCT_NAME = "$(TARGET_NAME)";
				TEST_HOST = "$(BUNDLE_LOADER)";
				WRAPPER_EXTENSION = xctest;
			};
			name = Debug;
		};
		FC685CC419282938000272AF /* Release */ = {
			isa = XCBuildConfiguration;
			buildSettings = {
				BUNDLE_LOADER = "$(BUILT_PRODUCTS_DIR)/billeteca.app/billeteca";
				FRAMEWORK_SEARCH_PATHS = (
					"$(SDKROOT)/Developer/Library/Frameworks",
					"$(inherited)",
					"$(DEVELOPER_FRAMEWORKS_DIR)",
				);
				GCC_PRECOMPILE_PREFIX_HEADER = YES;
				GCC_PREFIX_HEADER = "billeteca/billeteca-Prefix.pch";
				INFOPLIST_FILE = "billetecaTests/billetecaTests-Info.plist";
				PRODUCT_NAME = "$(TARGET_NAME)";
				TEST_HOST = "$(BUNDLE_LOADER)";
				WRAPPER_EXTENSION = xctest;
			};
			name = Release;
		};
/* End XCBuildConfiguration section */

/* Begin XCConfigurationList section */
		FC685C8519282938000272AF /* Build configuration list for PBXProject "billeteca" */ = {
			isa = XCConfigurationList;
			buildConfigurations = (
				FC685CBD19282938000272AF /* Debug */,
				FC685CBE19282938000272AF /* Release */,
			);
			defaultConfigurationIsVisible = 0;
			defaultConfigurationName = Release;
		};
		FC685CBF19282938000272AF /* Build configuration list for PBXNativeTarget "billeteca" */ = {
			isa = XCConfigurationList;
			buildConfigurations = (
				FC685CC019282938000272AF /* Debug */,
				FC685CC119282938000272AF /* Release */,
			);
			defaultConfigurationIsVisible = 0;
			defaultConfigurationName = Release;
		};
		FC685CC219282938000272AF /* Build configuration list for PBXNativeTarget "billetecaTests" */ = {
			isa = XCConfigurationList;
			buildConfigurations = (
				FC685CC319282938000272AF /* Debug */,
				FC685CC419282938000272AF /* Release */,
			);
			defaultConfigurationIsVisible = 0;
			defaultConfigurationName = Release;
		};
/* End XCConfigurationList section */
	};
	rootObject = FC685C8219282938000272AF /* Project object */;
}
